
Microsoft Visual Studio Solution File, Format Version 12.00
# Visual Studio 14
VisualStudioVersion = 14.0.25420.1
MinimumVisualStudioVersion = 10.0.40219.1
Project("{2150E333-8FDC-42A3-9474-1A3956D46DE8}") = "js", "js", "{02930EEB-53A0-4325-98E2-F36ED6BEC0AD}"
	ProjectSection(SolutionItems) = preProject
		js\GameBoard.js = js\GameBoard.js
		Point.js = Point.js
		Snake.js = Snake.js
	EndProjectSection
EndProject
Global
	GlobalSection(SolutionProperties) = preSolution
		HideSolutionNode = FALSE
	EndGlobalSection
EndGlobal
